
Microsoft Visual Studio Solution File, Format Version 12.00
# Visual Studio Version 17
VisualStudioVersion = 17.0.31423.177
MinimumVisualStudioVersion = 10.0.40219.1
Project("{2150E333-8FDC-42A3-9474-1A3956D46DE8}") = "src", "src", "{333CE3CC-2960-4D76-8BC2-4206B1611E83}"
EndProject
Project("{9A19103F-16F7-4668-BE54-9A1E7A4F7556}") = "NetToolBox.SerilogEnrichers", "src\NetToolBox.SerilogEnrichers\NetToolBox.SerilogEnrichers.csproj", "{C5EF85C9-9393-4EB7-80FC-39F1804B2675}"
EndProject
Project("{2150E333-8FDC-42A3-9474-1A3956D46DE8}") = "Solution Items", "Solution Items", "{BFF4B2CD-43B4-43DC-8964-CBFAFE578D5B}"
	ProjectSection(SolutionItems) = preProject
		azure-pipelines.yml = azure-pipelines.yml
		.config\dotnet-tools.json = .config\dotnet-tools.json
		GitVersion.yml = GitVersion.yml
		nukeeper.yml = nukeeper.yml
	EndProjectSection
EndProject
Global
	GlobalSection(SolutionConfigurationPlatforms) = preSolution
		Debug|Any CPU = Debug|Any CPU
		Release|Any CPU = Release|Any CPU
	EndGlobalSection
	GlobalSection(ProjectConfigurationPlatforms) = postSolution
		{C5EF85C9-9393-4EB7-80FC-39F1804B2675}.Debug|Any CPU.ActiveCfg = Debug|Any CPU
		{C5EF85C9-9393-4EB7-80FC-39F1804B2675}.Debug|Any CPU.Build.0 = Debug|Any CPU
		{C5EF85C9-9393-4EB7-80FC-39F1804B2675}.Release|Any CPU.ActiveCfg = Release|Any CPU
		{C5EF85C9-9393-4EB7-80FC-39F1804B2675}.Release|Any CPU.Build.0 = Release|Any CPU
	EndGlobalSection
	GlobalSection(SolutionProperties) = preSolution
		HideSolutionNode = FALSE
	EndGlobalSection
	GlobalSection(NestedProjects) = preSolution
		{C5EF85C9-9393-4EB7-80FC-39F1804B2675} = {333CE3CC-2960-4D76-8BC2-4206B1611E83}
	EndGlobalSection
	GlobalSection(ExtensibilityGlobals) = postSolution
		SolutionGuid = {E1293F9E-2827-48FF-B885-C62D2D1B08E2}
	EndGlobalSection
EndGlobal
